# THIS IS AN AUTOGENERATED FILE. DO NOT EDIT THIS FILE DIRECTLY.
# yarn lockfile v1


eventemitter3@^4.0.4:
  version "4.0.7"
  resolved "https://registry.yarnpkg.com/eventemitter3/-/eventemitter3-4.0.7.tgz#2de9b68f6528d5644ef5c59526a1b4a07306169f"
  integrity sha512-8guHBZCwKnFhYdHr2ysuRWErTwhoN2X8XELRlrRwpmfeY2jjuUN4taQMsULKUVo1K4DvZl+0pgfyoysHxvmvEw==

isomorphic.js@^0.2.2:
  version "0.2.2"
  resolved "https://registry.yarnpkg.com/isomorphic.js/-/isomorphic.js-0.2.2.tgz#4c76fb70d3e207123dead08675ba97eb75f5615a"
  integrity sha512-tWhdHK5vam77zCkNKjpI8vWSrcVmlBeJIlxXgTiGaapgifQr0CfLHuPqMiZhjrI/K71X/aXaJZqUbkHZzg06Hg==

lib0@^0.2.35, lib0@^0.2.38:
  version "0.2.40"
  resolved "https://registry.yarnpkg.com/lib0/-/lib0-0.2.40.tgz#7c89c2a7a89f9caaa0a04eaecb944d8e90a731b3"
  integrity sha512-bKJxwll8MdwTTL3Siut6L+FjyF5sewXRE7noDTsRquEYy3Xi1UjtdEMZu46iuTvw9nQ/9p+gKkh1GxL2Kdaphw==
  dependencies:
    isomorphic.js "^0.2.2"

p-finally@^1.0.0:
  version "1.0.0"
  resolved "https://registry.yarnpkg.com/p-finally/-/p-finally-1.0.0.tgz#3fbcfb15b899a44123b34b6dcc18b724336a2cae"
  integrity sha1-P7z7FbiZpEEjs0ttzBi3JDNqLK4=

p-queue@^6.6.2:
  version "6.6.2"
  resolved "https://registry.yarnpkg.com/p-queue/-/p-queue-6.6.2.tgz#2068a9dcf8e67dd0ec3e7a2bcb76810faa85e426"
  integrity sha512-RwFpb72c/BhQLEXIZ5K2e+AhgNVmIejGlTgiB9MzZ0e93GRvqZ7uSi0dvRF7/XIXDeNkra2fNHBxTyPDGySpjQ==
  dependencies:
    eventemitter3 "^4.0.4"
    p-timeout "^3.2.0"

p-timeout@^3.2.0:
  version "3.2.0"
  resolved "https://registry.yarnpkg.com/p-timeout/-/p-timeout-3.2.0.tgz#c7e17abc971d2a7962ef83626b35d635acf23dfe"
  integrity sha512-rhIwUycgwwKcP9yTOOFK/AKsAopjjCakVqLHePO3CC6Mir1Z99xT+R63jZxAT5lFZLa2inS5h+ZS2GvR99/FBg==
  dependencies:
    p-finally "^1.0.0"

y-protocols@^1.0.4:
  version "1.0.4"
  resolved "https://registry.yarnpkg.com/y-protocols/-/y-protocols-1.0.4.tgz#810978c6172474be87457c3bcd669e529c5ba3a1"
  integrity sha512-5/Hd6DJ5Y2SlbqLIKq86BictdOS0iAcWJZCVop8MKqx0XWwA+BbMn4538n4Z0CGjFMUGnG1kGzagk3BKGz5SvQ==
  dependencies:
    lib0 "^0.2.35"

yjs@^13.5.1:
  version "13.5.1"
  resolved "https://registry.yarnpkg.com/yjs/-/yjs-13.5.1.tgz#addf14fb4120ee007497fcad327eae983b6ec220"
  integrity sha512-U4BKBlcgvcYS/MkYYhW6zcE34dyYBvoZLl+9J9oFkYs6dHCXvX6WzZSgxlNnqjZn40jAN12Z0bSugqXuLVf2/g==
  dependencies:
    lib0 "^0.2.38"
